schema: '2.0'
stages:
  load_data:
    cmd: python src/stage_01_load_save.py --config=config/config.yaml
    deps:
    - path: config/config.yaml
      md5: 81568a1b57b716c9a83912bb34a99fb3
      size: 302
    - path: src/stage_01_load_save.py
      md5: d2a6b2af999f7300a70f215a58b6e908
      size: 1208
    - path: src/utils/all_utils.py
      md5: fd05afe7d70e4e6494b73592c2ca5a09
      size: 502
    outs:
    - path: artifacts/raw_local_dir/data.csv
      md5: 7d814a1bda02145efe703f4e1c01847a
      size: 93599
  split_data:
    cmd: python src/stage_02_split_data.py --config=config/config.yaml --params=params.yaml
    deps:
    - path: config/config.yaml
      md5: 81568a1b57b716c9a83912bb34a99fb3
      size: 302
    - path: src/stage_02_split_data.py
      md5: 93ffaac166e5e4aaffee8441f1c3a8e9
      size: 1933
    - path: src/utils/all_utils.py
      md5: fd05afe7d70e4e6494b73592c2ca5a09
      size: 502
    params:
      params.yaml:
        base.random_state: 43
        base.test_size: 0.3
    outs:
    - path: artifacts/split_data_dir/test.csv
      md5: 2234775402fc50bcee60bfbfd1cfb1d5
      size: 28263
    - path: artifacts/split_data_dir/train.csv
      md5: e683c1d146b604dc7ac3a46cfcc079c4
      size: 65483
